
Microsoft Visual Studio Solution File, Format Version 12.00
# Visual Studio Version 16
VisualStudioVersion = 16.0.32602.291
MinimumVisualStudioVersion = 10.0.40219.1
Project("{FAE04EC0-301F-11D3-BF4B-00C04F79EFBC}") = "Homework4_Classes", "Homework4_Classes\Homework4_Classes.csproj", "{3B98E539-3B3F-4996-8969-F45669B8C915}"
EndProject
Global
	GlobalSection(SolutionConfigurationPlatforms) = preSolution
		Debug|Any CPU = Debug|Any CPU
		Release|Any CPU = Release|Any CPU
	EndGlobalSection
	GlobalSection(ProjectConfigurationPlatforms) = postSolution
		{3B98E539-3B3F-4996-8969-F45669B8C915}.Debug|Any CPU.ActiveCfg = Debug|Any CPU
		{3B98E539-3B3F-4996-8969-F45669B8C915}.Debug|Any CPU.Build.0 = Debug|Any CPU
		{3B98E539-3B3F-4996-8969-F45669B8C915}.Release|Any CPU.ActiveCfg = Release|Any CPU
		{3B98E539-3B3F-4996-8969-F45669B8C915}.Release|Any CPU.Build.0 = Release|Any CPU
	EndGlobalSection
	GlobalSection(SolutionProperties) = preSolution
		HideSolutionNode = FALSE
	EndGlobalSection
	GlobalSection(ExtensibilityGlobals) = postSolution
		SolutionGuid = {740BD336-F2D0-460A-9F8D-F32A31018D80}
	EndGlobalSection
EndGlobal
