
Microsoft Visual Studio Solution File, Format Version 12.00
# Visual Studio Version 16
VisualStudioVersion = 16.0.32602.291
MinimumVisualStudioVersion = 10.0.40219.1
Project("{9A19103F-16F7-4668-BE54-9A1E7A4F7556}") = "Homework6_ITCompany", "Homework6_ITCompany\Homework6_ITCompany.csproj", "{369C3E1E-BE3F-4D23-AD32-A86D1BDE4348}"
EndProject
Global
	GlobalSection(SolutionConfigurationPlatforms) = preSolution
		Debug|Any CPU = Debug|Any CPU
		Release|Any CPU = Release|Any CPU
	EndGlobalSection
	GlobalSection(ProjectConfigurationPlatforms) = postSolution
		{369C3E1E-BE3F-4D23-AD32-A86D1BDE4348}.Debug|Any CPU.ActiveCfg = Debug|Any CPU
		{369C3E1E-BE3F-4D23-AD32-A86D1BDE4348}.Debug|Any CPU.Build.0 = Debug|Any CPU
		{369C3E1E-BE3F-4D23-AD32-A86D1BDE4348}.Release|Any CPU.ActiveCfg = Release|Any CPU
		{369C3E1E-BE3F-4D23-AD32-A86D1BDE4348}.Release|Any CPU.Build.0 = Release|Any CPU
	EndGlobalSection
	GlobalSection(SolutionProperties) = preSolution
		HideSolutionNode = FALSE
	EndGlobalSection
	GlobalSection(ExtensibilityGlobals) = postSolution
		SolutionGuid = {5F2A2D0F-D47A-44F8-AE29-3A05E1375D74}
	EndGlobalSection
EndGlobal
